PODS:
  - Flutter (1.0.0)
  - integration_test (0.0.1):
    - Flutter
  - MyScriptInteractiveInk-Runtime (2.1.1)
  - myscriptwidget (0.0.1):
    - Flutter
    - MyScriptInteractiveInk-Runtime (~> 2.1.1)

DEPENDENCIES:
  - Flutter (from `Flutter`)
  - integration_test (from `.symlinks/plugins/integration_test/ios`)
  - myscriptwidget (from `.symlinks/plugins/myscriptwidget/ios`)

SPEC REPOS:
  trunk:
    - MyScriptInteractiveInk-Runtime

EXTERNAL SOURCES:
  Flutter:
    :path: Flutter
  integration_test:
    :path: ".symlinks/plugins/integration_test/ios"
  myscriptwidget:
    :path: ".symlinks/plugins/myscriptwidget/ios"

SPEC CHECKSUMS:
  Flutter: f04841e97a9d0b0a8025694d0796dd46242b2854
  integration_test: 13825b8a9334a850581300559b8839134b124670
  MyScriptInteractiveInk-Runtime: d3e4aab20e5946ccf8c9f6a2b96fa18230ed7716
  myscriptwidget: 7c7a43108fd32872384d0472b56832b6087b850d

PODFILE CHECKSUM: e24236a0d1551d62e397591eea1adf5be9c3bb12

COCOAPODS: 1.12.1
